github.com/9fans/go v0.0.0-20150709035532-65b8cf069318 h1:wZqmpaY7ck2gTTdL1NwrkCc+RJ8DxGkQj3vDijny474=
github.com/9fans/go v0.0.0-20150709035532-65b8cf069318/go.mod h1:qMNjWFCokyGKlFGKTJ8h8g37yLlAlIkZ/tzVcKPGktA=
github.com/9fans/go v0.0.0-20180727211846-5d4fa602e1e8 h1:EssHSlONqsWgosRktn543Hng9iol4hV6FXO/mQPcvHc=
github.com/9fans/go v0.0.0-20180727211846-5d4fa602e1e8/go.mod h1:qMNjWFCokyGKlFGKTJ8h8g37yLlAlIkZ/tzVcKPGktA=
github.com/cosiner/argv v0.0.0-20170225145430-13bacc38a0a5 h1:rIXlvz2IWiupMFlC45cZCXZFvKX/ExBcSLrDy2G0Lp8=
github.com/cosiner/argv v0.0.0-20170225145430-13bacc38a0a5/go.mod h1:p/NrK5tF6ICIly4qwEDsf6VDirFiWWz0FenfYBwJaKQ=
github.com/davecgh/go-spew v1.1.1/go.mod h1:J7Y8YcW2NihsgmVo/mv3lAwl/skON4iLHjSsI+c5H38=
github.com/derekparker/delve v1.1.0 h1:icd65nMp7s2HiLz6y/6RCVXBdoED3xxYLwX09EMaRCc=
github.com/derekparker/delve v1.1.0/go.mod h1:pMSZMfp0Nhbm8qdZJkuE/yPGOkLpGXLS1I4poXQpuJU=
github.com/golang/arch v0.0.0-20180920145803-b19384d3c130 h1:gH8PWB23RLzipP7JbJLLm8/O+rPsCVyVE1I4KhT1GhU=
github.com/golang/arch v0.0.0-20180920145803-b19384d3c130/go.mod h1:Q40cfEvhPpWRR1PojDu63fm1MsYsb86QWBFdO0syDk0=
github.com/golang/crypto v0.0.0-20180904163835-0709b304e793/go.mod h1:uZvAcrsnNaCxlh1HorK5dUQHGmEKPh2H/Rl1kehswPo=
github.com/golang/crypto v0.0.0-20181030102418-4d3f4d9ffa16 h1:eYYX4kSnlwJkijnThiBqTSx3NiIV1R2K1SkNo7viDi0=
github.com/golang/crypto v0.0.0-20181030102418-4d3f4d9ffa16/go.mod h1:uZvAcrsnNaCxlh1HorK5dUQHGmEKPh2H/Rl1kehswPo=
github.com/golang/lint v0.0.0-20181026193005-c67002cb31c3 h1:I4BOK3PBMjhWfQM2zPJKK7lOBGsrsvOB7kBELP33hiE=
github.com/golang/lint v0.0.0-20181026193005-c67002cb31c3/go.mod h1:tluoj9z5200jBnyusfRPU2LqT6J+DAorxEvtC7LHB+E=
github.com/golang/net v0.0.0-20181102091132-c10e9556a7bc h1:EzoQivRThXe3BzZhF+4hty5zGovQT/Ku1tNDg0WVknY=
github.com/golang/net v0.0.0-20181102091132-c10e9556a7bc/go.mod h1:98y8FxUyMjTdJ5eOj/8vzuiVO14/dkJ98NYhEPG8QGY=
github.com/golang/sys v0.0.0-20180905080454-ebe1bf3edb33/go.mod h1:5JyrLPvD/ZdaYkT7IqKhsP5xt7aLjA99KXRtk4EIYDk=
github.com/golang/sys v0.0.0-20181031143558-9b800f95dbbc h1:/bI27BSVA2NXq1TyOtmJ63zwu5hZ1uitXWjlpIVxOew=
github.com/golang/sys v0.0.0-20181031143558-9b800f95dbbc/go.mod h1:5JyrLPvD/ZdaYkT7IqKhsP5xt7aLjA99KXRtk4EIYDk=
github.com/golang/tools v0.0.0-20181102223251-96e9e165b75e h1:zUmhvVRvAKgzkqwfUBV6wp4pr3fReOkW5cfxQ9mNDao=
github.com/golang/tools v0.0.0-20181102223251-96e9e165b75e/go.mod h1:BZR6KJOI/IQ5FlSQroxL7yevEMRCz1dARTXHD9s4mHE=
github.com/inconshreveable/mousetrap v1.0.0 h1:Z8tu5sraLXCXIcARxBp/8cbvlwVa7Z1NHg9XEKhtSvM=
github.com/inconshreveable/mousetrap v1.0.0/go.mod h1:PxqpIevigyE2G7u3NXJIT2ANytuPF1OarO4DADm73n8=
github.com/konsorten/go-windows-terminal-sequences v1.0.1 h1:mweAR1A6xJ3oS2pRaGiHgQ4OO8tzTaLawm8vnODuwDk=
github.com/konsorten/go-windows-terminal-sequences v1.0.1/go.mod h1:T0+1ngSBFLxvqU3pZ+m/2kptfBszLMUkC4ZK/EgS/cQ=
github.com/lukehoban/go-find-references v0.0.0-20150918174914-42505ef666d1 h1:F7r7JiLNObE2d4z82V3/cUfW5alV6YY89LQtK0qcUQc=
github.com/lukehoban/go-find-references v0.0.0-20150918174914-42505ef666d1/go.mod h1:T8xMbBjUvlaQRNZdgSoPLks3kZlAemyqb6HJPHyOUek=
github.com/lukehoban/go-outline v0.0.0-20161011150102-e78556874252 h1:D2VNityLQ1srKF+MSllSGQ4NwMci20llMkvVAmU2aCk=
github.com/lukehoban/go-outline v0.0.0-20161011150102-e78556874252/go.mod h1:O9bIJ6BRFBmP3AKTW8cqESVbauSmifSrRB/n9zq6x9Q=
github.com/lukehoban/ident v0.0.0-20161021214352-ec6acfba39eb h1:hLP73jhKhyayGVSX48TiA1qjMatiBpG7uc2zIsqy7yk=
github.com/lukehoban/ident v0.0.0-20161021214352-ec6acfba39eb/go.mod h1:Znk/A72lIyE/q043nd5s5tg63q2rCEohe6Gn8Yo4VdU=
github.com/mattn/go-colorable v0.0.9 h1:UVL0vNpWh04HeJXV0KLcaT7r06gOH2l4OW6ddYRUIY4=
github.com/mattn/go-colorable v0.0.9/go.mod h1:9vuHe8Xs5qXnSaW/c/ABM9alt+Vo+STaOChaDxuIBZU=
github.com/mattn/go-isatty v0.0.4 h1:bnP0vzxcAdeI1zdubAl5PjU6zsERjGZb7raWodagDYs=
github.com/mattn/go-isatty v0.0.4/go.mod h1:M+lRXTBqGeGNdLjl/ufCoiOlB5xdOkqRJdNxMWT7Zi4=
github.com/mattn/go-runewidth v0.0.3 h1:a+kO+98RDGEfo6asOGMmpodZq4FNtnGP54yps8BzLR4=
github.com/mattn/go-runewidth v0.0.3/go.mod h1:LwmH8dsx7+W8Uxz3IHJYH5QSwggIsqBzpuz5H//U1FU=
github.com/newhook/go-symbols v0.0.0-20151212134530-b75dfefa0d23 h1:bXKgb2O/gIrZd/smUeP3OJcAt1ey3UV+cPYT+mRUNzs=
github.com/newhook/go-symbols v0.0.0-20151212134530-b75dfefa0d23/go.mod h1:9RIESfVnNNAkdTKNuEYS0rEkXXM2HYfchPD4xXNx1CU=
github.com/nsf/gocode v0.0.0-20180902125341-7b1d4e18cdc5 h1:V2BSh6DxcqZrEId1t9k3V7CXJQEpu50cVko4PyrwDb4=
github.com/nsf/gocode v0.0.0-20180902125341-7b1d4e18cdc5/go.mod h1:6Q8/OMaaKAgTX7/jt2bOXVDrm1eJhoNd+iwzghR7jvs=
github.com/peterh/liner v1.1.0 h1:f+aAedNJA6uk7+6rXsYBnhdo4Xux7ESLe+kcuVUF5os=
github.com/peterh/liner v1.1.0/go.mod h1:CRroGNssyjTd/qIG2FyxByd2S8JEAZXBl4qUrZf8GS0=
github.com/pmezard/go-difflib v1.0.0/go.mod h1:iKH77koFhYxTK1pcRnkKkqfTogsbg7gZNVY4sRDYZ/4=
github.com/rogpeppe/godef v1.0.0 h1:+3JM5juQRFS/Vifg5lMHkAtRELpcGicuZXdBmf7NIhE=
github.com/rogpeppe/godef v1.0.0/go.mod h1:FWOCnfqToTbJkUGS32JdUoCuBBjtBQ3ZawrP7InscsM=
github.com/sirupsen/logrus v1.2.0 h1:juTguoYk5qI21pwyTXY3B3Y5cOTH3ZUyZCg1v/mihuo=
github.com/sirupsen/logrus v1.2.0/go.mod h1:LxeOpSwHxABJmUn/MG1IvRgCAasNZTLOkJPxbbu5VWo=
github.com/spf13/cobra v0.0.3 h1:ZlrZ4XsMRm04Fr5pSFxBgfND2EBVa1nLpiy1stUsX/8=
github.com/spf13/cobra v0.0.3/go.mod h1:1l0Ry5zgKvJasoi3XT1TypsSe7PqH0Sj9dhYf7v3XqQ=
github.com/spf13/pflag v1.0.3 h1:zPAT6CGy6wXeQ7NtTnaTerfKOsV6V6F8agHXFiazDkg=
github.com/spf13/pflag v1.0.3/go.mod h1:DYY7MBk1bdzusC3SYhjObp+wFpr4gzcvqqNjLnInEg4=
github.com/stretchr/objx v0.1.1/go.mod h1:HFkY916IF+rwdDfMAkV7OtwuqBVzrE8GR6GFx+wExME=
github.com/stretchr/testify v1.2.2/go.mod h1:a8OnRcib4nhh0OaRAV+Yts87kKdq0PP7pXfy6kDkUVs=
github.com/tpng/gopkgs v0.0.0-20180428091733-81e90e22e204 h1:nQYpoEpKTbArT17ogHCrMfsM4CCGiOdtQMuZJxeu8lQ=
github.com/tpng/gopkgs v0.0.0-20180428091733-81e90e22e204/go.mod h1:MwY6Iwya1EJi2InQFe7g/J3Qr7eik70yycN5+sw03hQ=
github.com/zmb3/gogetdoc v0.0.0-20181026013253-9098cf5fc236 h1:Reprv4hdOBPI3uPhExpzO66xip2wkB8x4ZlFdkxzjoI=
github.com/zmb3/gogetdoc v0.0.0-20181026013253-9098cf5fc236/go.mod h1:dQSkTsdB4CKWfd4Lc322xXPj35Oh545yhenyCPVUBSE=
